
Microsoft Visual Studio Solution File, Format Version 12.00
# Visual Studio 15
VisualStudioVersion = 15.0.27703.2042
MinimumVisualStudioVersion = 10.0.40219.1
Project("{FAE04EC0-301F-11D3-BF4B-00C04F79EFBC}") = "Gamejam 2020", "Gamejam 2020\Gamejam 2020.csproj", "{52833261-24FD-46F4-85DC-4578C1C966EB}"
EndProject
Global
	GlobalSection(SolutionConfigurationPlatforms) = preSolution
		Debug|Any CPU = Debug|Any CPU
		Release|Any CPU = Release|Any CPU
	EndGlobalSection
	GlobalSection(ProjectConfigurationPlatforms) = postSolution
		{52833261-24FD-46F4-85DC-4578C1C966EB}.Debug|Any CPU.ActiveCfg = Debug|Any CPU
		{52833261-24FD-46F4-85DC-4578C1C966EB}.Debug|Any CPU.Build.0 = Debug|Any CPU
		{52833261-24FD-46F4-85DC-4578C1C966EB}.Release|Any CPU.ActiveCfg = Release|Any CPU
		{52833261-24FD-46F4-85DC-4578C1C966EB}.Release|Any CPU.Build.0 = Release|Any CPU
	EndGlobalSection
	GlobalSection(SolutionProperties) = preSolution
		HideSolutionNode = FALSE
	EndGlobalSection
	GlobalSection(ExtensibilityGlobals) = postSolution
		SolutionGuid = {A656E37A-D801-430F-86F3-CB28D28BE931}
	EndGlobalSection
EndGlobal
